// !$*UTF8*$!
{
	archiveVersion = 1;
	classes = {
	};
	objectVersion = 56;
	objects = {

/* Begin PBXBuildFile section */
		FF5FAF7D2B5E8C43002DA81F /* UIStackView + Extension.swift in Sources */ = {isa = PBXBuildFile; fileRef = FF5FAF7C2B5E8C43002DA81F /* UIStackView + Extension.swift */; };
		FF5FAF802B5EA932002DA81F /* RatingDataPikerView.swift in Sources */ = {isa = PBXBuildFile; fileRef = FF5FAF7F2B5EA932002DA81F /* RatingDataPikerView.swift */; };
		FF5FAF822B5EB40D002DA81F /* ReleaseDataPickerView.swift in Sources */ = {isa = PBXBuildFile; fileRef = FF5FAF812B5EB40C002DA81F /* ReleaseDataPickerView.swift */; };
		FF5FAF842B5EB8A0002DA81F /* FilmNameView.swift in Sources */ = {isa = PBXBuildFile; fileRef = FF5FAF832B5EB8A0002DA81F /* FilmNameView.swift */; };
		FF5FAF862B5FA06E002DA81F /* YoutubeView.swift in Sources */ = {isa = PBXBuildFile; fileRef = FF5FAF852B5FA06E002DA81F /* YoutubeView.swift */; };
		FFD2C6D82B5A701600714A14 /* AppDelegate.swift in Sources */ = {isa = PBXBuildFile; fileRef = FFD2C6D72B5A701600714A14 /* AppDelegate.swift */; };
		FFD2C6DA2B5A701600714A14 /* SceneDelegate.swift in Sources */ = {isa = PBXBuildFile; fileRef = FFD2C6D92B5A701600714A14 /* SceneDelegate.swift */; };
		FFD2C6E22B5A701600714A14 /* ViewedFilms.xcdatamodeld in Sources */ = {isa = PBXBuildFile; fileRef = FFD2C6E02B5A701600714A14 /* ViewedFilms.xcdatamodeld */; };
		FFD2C6E42B5A701800714A14 /* Assets.xcassets in Resources */ = {isa = PBXBuildFile; fileRef = FFD2C6E32B5A701800714A14 /* Assets.xcassets */; };
		FFD2C6E72B5A701800714A14 /* LaunchScreen.storyboard in Resources */ = {isa = PBXBuildFile; fileRef = FFD2C6E52B5A701800714A14 /* LaunchScreen.storyboard */; };
		FFD2C6F12B5A79B700714A14 /* MianView.swift in Sources */ = {isa = PBXBuildFile; fileRef = FFD2C6F02B5A79B700714A14 /* MianView.swift */; };
		FFD2C6F32B5A7BC600714A14 /* CastomTableViewCell.swift in Sources */ = {isa = PBXBuildFile; fileRef = FFD2C6F22B5A7BC600714A14 /* CastomTableViewCell.swift */; };
		FFD2C6F52B5A7D3B00714A14 /* UIView + Extension.swift in Sources */ = {isa = PBXBuildFile; fileRef = FFD2C6F42B5A7D3A00714A14 /* UIView + Extension.swift */; };
		FFD2C6F72B5A825E00714A14 /* MainViewModal.swift in Sources */ = {isa = PBXBuildFile; fileRef = FFD2C6F62B5A825E00714A14 /* MainViewModal.swift */; };
		FFD2C7012B5AA1C800714A14 /* manrope-semibold.ttf in Resources */ = {isa = PBXBuildFile; fileRef = FFD2C6FB2B5AA1C700714A14 /* manrope-semibold.ttf */; };
		FFD2C7022B5AA1C800714A14 /* manrope-bold.ttf in Resources */ = {isa = PBXBuildFile; fileRef = FFD2C6FC2B5AA1C700714A14 /* manrope-bold.ttf */; };
		FFD2C7032B5AA1C800714A14 /* manrope-light.ttf in Resources */ = {isa = PBXBuildFile; fileRef = FFD2C6FD2B5AA1C700714A14 /* manrope-light.ttf */; };
		FFD2C7042B5AA1C800714A14 /* manrope-medium.ttf in Resources */ = {isa = PBXBuildFile; fileRef = FFD2C6FE2B5AA1C700714A14 /* manrope-medium.ttf */; };
		FFD2C7052B5AA1C800714A14 /* manrope-regular.ttf in Resources */ = {isa = PBXBuildFile; fileRef = FFD2C6FF2B5AA1C800714A14 /* manrope-regular.ttf */; };
		FFD2C7062B5AA1C800714A14 /* manrope-thin.ttf in Resources */ = {isa = PBXBuildFile; fileRef = FFD2C7002B5AA1C800714A14 /* manrope-thin.ttf */; };
		FFD2C70C2B5AB9CF00714A14 /* CoreDataManager.swift in Sources */ = {isa = PBXBuildFile; fileRef = FFD2C70B2B5AB9CF00714A14 /* CoreDataManager.swift */; };
		FFD2C7132B5AEBD400714A14 /* AddNewFilmView.swift in Sources */ = {isa = PBXBuildFile; fileRef = FFD2C7122B5AEBD400714A14 /* AddNewFilmView.swift */; };
		FFD2C7152B5AEBE700714A14 /* FullInfoFilmView.swift in Sources */ = {isa = PBXBuildFile; fileRef = FFD2C7142B5AEBE700714A14 /* FullInfoFilmView.swift */; };
		FFD2C7192B5B0D9C00714A14 /* AddNewFilmViewModel.swift in Sources */ = {isa = PBXBuildFile; fileRef = FFD2C7182B5B0D9C00714A14 /* AddNewFilmViewModel.swift */; };
/* End PBXBuildFile section */

/* Begin PBXFileReference section */
		FF5FAF7C2B5E8C43002DA81F /* UIStackView + Extension.swift */ = {isa = PBXFileReference; lastKnownFileType = sourcecode.swift; path = "UIStackView + Extension.swift"; sourceTree = "<group>"; };
		FF5FAF7F2B5EA932002DA81F /* RatingDataPikerView.swift */ = {isa = PBXFileReference; lastKnownFileType = sourcecode.swift; path = RatingDataPikerView.swift; sourceTree = "<group>"; };
		FF5FAF812B5EB40C002DA81F /* ReleaseDataPickerView.swift */ = {isa = PBXFileReference; lastKnownFileType = sourcecode.swift; path = ReleaseDataPickerView.swift; sourceTree = "<group>"; };
		FF5FAF832B5EB8A0002DA81F /* FilmNameView.swift */ = {isa = PBXFileReference; lastKnownFileType = sourcecode.swift; path = FilmNameView.swift; sourceTree = "<group>"; };
		FF5FAF852B5FA06E002DA81F /* YoutubeView.swift */ = {isa = PBXFileReference; lastKnownFileType = sourcecode.swift; path = YoutubeView.swift; sourceTree = "<group>"; };
		FFD2C6D42B5A701600714A14 /* ViewedFilms.app */ = {isa = PBXFileReference; explicitFileType = wrapper.application; includeInIndex = 0; path = ViewedFilms.app; sourceTree = BUILT_PRODUCTS_DIR; };
		FFD2C6D72B5A701600714A14 /* AppDelegate.swift */ = {isa = PBXFileReference; lastKnownFileType = sourcecode.swift; path = AppDelegate.swift; sourceTree = "<group>"; };
		FFD2C6D92B5A701600714A14 /* SceneDelegate.swift */ = {isa = PBXFileReference; lastKnownFileType = sourcecode.swift; path = SceneDelegate.swift; sourceTree = "<group>"; };
		FFD2C6E12B5A701600714A14 /* ViewedFilms.xcdatamodel */ = {isa = PBXFileReference; lastKnownFileType = wrapper.xcdatamodel; path = ViewedFilms.xcdatamodel; sourceTree = "<group>"; };
		FFD2C6E32B5A701800714A14 /* Assets.xcassets */ = {isa = PBXFileReference; lastKnownFileType = folder.assetcatalog; path = Assets.xcassets; sourceTree = "<group>"; };
		FFD2C6E62B5A701800714A14 /* Base */ = {isa = PBXFileReference; lastKnownFileType = file.storyboard; name = Base; path = Base.lproj/LaunchScreen.storyboard; sourceTree = "<group>"; };
		FFD2C6E82B5A701800714A14 /* Info.plist */ = {isa = PBXFileReference; lastKnownFileType = text.plist.xml; path = Info.plist; sourceTree = "<group>"; };
		FFD2C6F02B5A79B700714A14 /* MianView.swift */ = {isa = PBXFileReference; lastKnownFileType = sourcecode.swift; path = MianView.swift; sourceTree = "<group>"; };
		FFD2C6F22B5A7BC600714A14 /* CastomTableViewCell.swift */ = {isa = PBXFileReference; lastKnownFileType = sourcecode.swift; path = CastomTableViewCell.swift; sourceTree = "<group>"; };
		FFD2C6F42B5A7D3A00714A14 /* UIView + Extension.swift */ = {isa = PBXFileReference; lastKnownFileType = sourcecode.swift; path = "UIView + Extension.swift"; sourceTree = "<group>"; };
		FFD2C6F62B5A825E00714A14 /* MainViewModal.swift */ = {isa = PBXFileReference; lastKnownFileType = sourcecode.swift; path = MainViewModal.swift; sourceTree = "<group>"; };
		FFD2C6FB2B5AA1C700714A14 /* manrope-semibold.ttf */ = {isa = PBXFileReference; lastKnownFileType = file; path = "manrope-semibold.ttf"; sourceTree = "<group>"; };
		FFD2C6FC2B5AA1C700714A14 /* manrope-bold.ttf */ = {isa = PBXFileReference; lastKnownFileType = file; path = "manrope-bold.ttf"; sourceTree = "<group>"; };
		FFD2C6FD2B5AA1C700714A14 /* manrope-light.ttf */ = {isa = PBXFileReference; lastKnownFileType = file; path = "manrope-light.ttf"; sourceTree = "<group>"; };
		FFD2C6FE2B5AA1C700714A14 /* manrope-medium.ttf */ = {isa = PBXFileReference; lastKnownFileType = file; path = "manrope-medium.ttf"; sourceTree = "<group>"; };
		FFD2C6FF2B5AA1C800714A14 /* manrope-regular.ttf */ = {isa = PBXFileReference; lastKnownFileType = file; path = "manrope-regular.ttf"; sourceTree = "<group>"; };
		FFD2C7002B5AA1C800714A14 /* manrope-thin.ttf */ = {isa = PBXFileReference; lastKnownFileType = file; path = "manrope-thin.ttf"; sourceTree = "<group>"; };
		FFD2C70B2B5AB9CF00714A14 /* CoreDataManager.swift */ = {isa = PBXFileReference; lastKnownFileType = sourcecode.swift; path = CoreDataManager.swift; sourceTree = "<group>"; };
		FFD2C7122B5AEBD400714A14 /* AddNewFilmView.swift */ = {isa = PBXFileReference; lastKnownFileType = sourcecode.swift; path = AddNewFilmView.swift; sourceTree = "<group>"; };
		FFD2C7142B5AEBE700714A14 /* FullInfoFilmView.swift */ = {isa = PBXFileReference; lastKnownFileType = sourcecode.swift; path = FullInfoFilmView.swift; sourceTree = "<group>"; };
		FFD2C7182B5B0D9C00714A14 /* AddNewFilmViewModel.swift */ = {isa = PBXFileReference; lastKnownFileType = sourcecode.swift; path = AddNewFilmViewModel.swift; sourceTree = "<group>"; };
/* End PBXFileReference section */

/* Begin PBXFrameworksBuildPhase section */
		FFD2C6D12B5A701600714A14 /* Frameworks */ = {
			isa = PBXFrameworksBuildPhase;
			buildActionMask = 2147483647;
			files = (
			);
			runOnlyForDeploymentPostprocessing = 0;
		};
/* End PBXFrameworksBuildPhase section */

/* Begin PBXGroup section */
		FF5FAF7E2B5EA8C5002DA81F /* ChangesViews */ = {
			isa = PBXGroup;
			children = (
				FF5FAF7F2B5EA932002DA81F /* RatingDataPikerView.swift */,
				FF5FAF812B5EB40C002DA81F /* ReleaseDataPickerView.swift */,
				FF5FAF832B5EB8A0002DA81F /* FilmNameView.swift */,
				FF5FAF852B5FA06E002DA81F /* YoutubeView.swift */,
			);
			path = ChangesViews;
			sourceTree = "<group>";
		};
		FFD2C6CB2B5A701600714A14 = {
			isa = PBXGroup;
			children = (
				FFD2C6D62B5A701600714A14 /* ViewedFilms */,
				FFD2C6D52B5A701600714A14 /* Products */,
			);
			sourceTree = "<group>";
		};
		FFD2C6D52B5A701600714A14 /* Products */ = {
			isa = PBXGroup;
			children = (
				FFD2C6D42B5A701600714A14 /* ViewedFilms.app */,
			);
			name = Products;
			sourceTree = "<group>";
		};
		FFD2C6D62B5A701600714A14 /* ViewedFilms */ = {
			isa = PBXGroup;
			children = (
				FFD2C70F2B5AEAB300714A14 /* Screens */,
				FFD2C70E2B5AD27F00714A14 /* CoreDataManager */,
				FFD2C70D2B5AD1BB00714A14 /* Extensions */,
				FFD2C6FA2B5AA1B300714A14 /* Fonts */,
				FFD2C6D72B5A701600714A14 /* AppDelegate.swift */,
				FFD2C6D92B5A701600714A14 /* SceneDelegate.swift */,
				FFD2C6E32B5A701800714A14 /* Assets.xcassets */,
				FFD2C6E52B5A701800714A14 /* LaunchScreen.storyboard */,
				FFD2C6E82B5A701800714A14 /* Info.plist */,
				FFD2C6E02B5A701600714A14 /* ViewedFilms.xcdatamodeld */,
			);
			path = ViewedFilms;
			sourceTree = "<group>";
		};
		FFD2C6EE2B5A735300714A14 /* MainScreen */ = {
			isa = PBXGroup;
			children = (
				FFD2C6F02B5A79B700714A14 /* MianView.swift */,
				FFD2C6F62B5A825E00714A14 /* MainViewModal.swift */,
				FFD2C6F22B5A7BC600714A14 /* CastomTableViewCell.swift */,
			);
			path = MainScreen;
			sourceTree = "<group>";
		};
		FFD2C6FA2B5AA1B300714A14 /* Fonts */ = {
			isa = PBXGroup;
			children = (
				FFD2C6FC2B5AA1C700714A14 /* manrope-bold.ttf */,
				FFD2C6FD2B5AA1C700714A14 /* manrope-light.ttf */,
				FFD2C6FE2B5AA1C700714A14 /* manrope-medium.ttf */,
				FFD2C6FF2B5AA1C800714A14 /* manrope-regular.ttf */,
				FFD2C6FB2B5AA1C700714A14 /* manrope-semibold.ttf */,
				FFD2C7002B5AA1C800714A14 /* manrope-thin.ttf */,
			);
			path = Fonts;
			sourceTree = "<group>";
		};
		FFD2C70D2B5AD1BB00714A14 /* Extensions */ = {
			isa = PBXGroup;
			children = (
				FFD2C6F42B5A7D3A00714A14 /* UIView + Extension.swift */,
				FF5FAF7C2B5E8C43002DA81F /* UIStackView + Extension.swift */,
			);
			path = Extensions;
			sourceTree = "<group>";
		};
		FFD2C70E2B5AD27F00714A14 /* CoreDataManager */ = {
			isa = PBXGroup;
			children = (
				FFD2C70B2B5AB9CF00714A14 /* CoreDataManager.swift */,
			);
			path = CoreDataManager;
			sourceTree = "<group>";
		};
		FFD2C70F2B5AEAB300714A14 /* Screens */ = {
			isa = PBXGroup;
			children = (
				FFD2C6EE2B5A735300714A14 /* MainScreen */,
				FFD2C7102B5AEADF00714A14 /* AddNewScreens */,
				FFD2C7112B5AEB6700714A14 /* FullInfoFilm */,
			);
			path = Screens;
			sourceTree = "<group>";
		};
		FFD2C7102B5AEADF00714A14 /* AddNewScreens */ = {
			isa = PBXGroup;
			children = (
				FF5FAF7E2B5EA8C5002DA81F /* ChangesViews */,
				FFD2C7122B5AEBD400714A14 /* AddNewFilmView.swift */,
				FFD2C7182B5B0D9C00714A14 /* AddNewFilmViewModel.swift */,
			);
			path = AddNewScreens;
			sourceTree = "<group>";
		};
		FFD2C7112B5AEB6700714A14 /* FullInfoFilm */ = {
			isa = PBXGroup;
			children = (
				FFD2C7142B5AEBE700714A14 /* FullInfoFilmView.swift */,
			);
			path = FullInfoFilm;
			sourceTree = "<group>";
		};
/* End PBXGroup section */

/* Begin PBXNativeTarget section */
		FFD2C6D32B5A701600714A14 /* ViewedFilms */ = {
			isa = PBXNativeTarget;
			buildConfigurationList = FFD2C6EB2B5A701800714A14 /* Build configuration list for PBXNativeTarget "ViewedFilms" */;
			buildPhases = (
				FFD2C6D02B5A701600714A14 /* Sources */,
				FFD2C6D12B5A701600714A14 /* Frameworks */,
				FFD2C6D22B5A701600714A14 /* Resources */,
			);
			buildRules = (
			);
			dependencies = (
			);
			name = ViewedFilms;
			productName = ViewedFilms;
			productReference = FFD2C6D42B5A701600714A14 /* ViewedFilms.app */;
			productType = "com.apple.product-type.application";
		};
/* End PBXNativeTarget section */

/* Begin PBXProject section */
		FFD2C6CC2B5A701600714A14 /* Project object */ = {
			isa = PBXProject;
			attributes = {
				BuildIndependentTargetsInParallel = 1;
				LastSwiftUpdateCheck = 1520;
				LastUpgradeCheck = 1520;
				TargetAttributes = {
					FFD2C6D32B5A701600714A14 = {
						CreatedOnToolsVersion = 15.2;
					};
				};
			};
			buildConfigurationList = FFD2C6CF2B5A701600714A14 /* Build configuration list for PBXProject "ViewedFilms" */;
			compatibilityVersion = "Xcode 14.0";
			developmentRegion = en;
			hasScannedForEncodings = 0;
			knownRegions = (
				en,
				Base,
			);
			mainGroup = FFD2C6CB2B5A701600714A14;
			productRefGroup = FFD2C6D52B5A701600714A14 /* Products */;
			projectDirPath = "";
			projectRoot = "";
			targets = (
				FFD2C6D32B5A701600714A14 /* ViewedFilms */,
			);
		};
/* End PBXProject section */

/* Begin PBXResourcesBuildPhase section */
		FFD2C6D22B5A701600714A14 /* Resources */ = {
			isa = PBXResourcesBuildPhase;
			buildActionMask = 2147483647;
			files = (
				FFD2C7042B5AA1C800714A14 /* manrope-medium.ttf in Resources */,
				FFD2C7022B5AA1C800714A14 /* manrope-bold.ttf in Resources */,
				FFD2C6E72B5A701800714A14 /* LaunchScreen.storyboard in Resources */,
				FFD2C7052B5AA1C800714A14 /* manrope-regular.ttf in Resources */,
				FFD2C7032B5AA1C800714A14 /* manrope-light.ttf in Resources */,
				FFD2C7012B5AA1C800714A14 /* manrope-semibold.ttf in Resources */,
				FFD2C7062B5AA1C800714A14 /* manrope-thin.ttf in Resources */,
				FFD2C6E42B5A701800714A14 /* Assets.xcassets in Resources */,
			);
			runOnlyForDeploymentPostprocessing = 0;
		};
/* End PBXResourcesBuildPhase section */

/* Begin PBXSourcesBuildPhase section */
		FFD2C6D02B5A701600714A14 /* Sources */ = {
			isa = PBXSourcesBuildPhase;
			buildActionMask = 2147483647;
			files = (
				FFD2C6F52B5A7D3B00714A14 /* UIView + Extension.swift in Sources */,
				FFD2C6F32B5A7BC600714A14 /* CastomTableViewCell.swift in Sources */,
				FFD2C6D82B5A701600714A14 /* AppDelegate.swift in Sources */,
				FF5FAF802B5EA932002DA81F /* RatingDataPikerView.swift in Sources */,
				FF5FAF862B5FA06E002DA81F /* YoutubeView.swift in Sources */,
				FF5FAF7D2B5E8C43002DA81F /* UIStackView + Extension.swift in Sources */,
				FFD2C6F12B5A79B700714A14 /* MianView.swift in Sources */,
				FFD2C6F72B5A825E00714A14 /* MainViewModal.swift in Sources */,
				FFD2C7192B5B0D9C00714A14 /* AddNewFilmViewModel.swift in Sources */,
				FFD2C6DA2B5A701600714A14 /* SceneDelegate.swift in Sources */,
				FFD2C7132B5AEBD400714A14 /* AddNewFilmView.swift in Sources */,
				FF5FAF822B5EB40D002DA81F /* ReleaseDataPickerView.swift in Sources */,
				FFD2C7152B5AEBE700714A14 /* FullInfoFilmView.swift in Sources */,
				FFD2C70C2B5AB9CF00714A14 /* CoreDataManager.swift in Sources */,
				FFD2C6E22B5A701600714A14 /* ViewedFilms.xcdatamodeld in Sources */,
				FF5FAF842B5EB8A0002DA81F /* FilmNameView.swift in Sources */,
			);
			runOnlyForDeploymentPostprocessing = 0;
		};
/* End PBXSourcesBuildPhase section */

/* Begin PBXVariantGroup section */
		FFD2C6E52B5A701800714A14 /* LaunchScreen.storyboard */ = {
			isa = PBXVariantGroup;
			children = (
				FFD2C6E62B5A701800714A14 /* Base */,
			);
			name = LaunchScreen.storyboard;
			sourceTree = "<group>";
		};
/* End PBXVariantGroup section */

/* Begin XCBuildConfiguration section */
		FFD2C6E92B5A701800714A14 /* Debug */ = {
			isa = XCBuildConfiguration;
			buildSettings = {
				ALWAYS_SEARCH_USER_PATHS = NO;
				ASSETCATALOG_COMPILER_GENERATE_SWIFT_ASSET_SYMBOL_EXTENSIONS = YES;
				CLANG_ANALYZER_NONNULL = YES;
				CLANG_ANALYZER_NUMBER_OBJECT_CONVERSION = YES_AGGRESSIVE;
				CLANG_CXX_LANGUAGE_STANDARD = "gnu++20";
				CLANG_ENABLE_MODULES = YES;
				CLANG_ENABLE_OBJC_ARC = YES;
				CLANG_ENABLE_OBJC_WEAK = YES;
				CLANG_WARN_BLOCK_CAPTURE_AUTORELEASING = YES;
				CLANG_WARN_BOOL_CONVERSION = YES;
				CLANG_WARN_COMMA = YES;
				CLANG_WARN_CONSTANT_CONVERSION = YES;
				CLANG_WARN_DEPRECATED_OBJC_IMPLEMENTATIONS = YES;
				CLANG_WARN_DIRECT_OBJC_ISA_USAGE = YES_ERROR;
				CLANG_WARN_DOCUMENTATION_COMMENTS = YES;
				CLANG_WARN_EMPTY_BODY = YES;
				CLANG_WARN_ENUM_CONVERSION = YES;
				CLANG_WARN_INFINITE_RECURSION = YES;
				CLANG_WARN_INT_CONVERSION = YES;
				CLANG_WARN_NON_LITERAL_NULL_CONVERSION = YES;
				CLANG_WARN_OBJC_IMPLICIT_RETAIN_SELF = YES;
				CLANG_WARN_OBJC_LITERAL_CONVERSION = YES;
				CLANG_WARN_OBJC_ROOT_CLASS = YES_ERROR;
				CLANG_WARN_QUOTED_INCLUDE_IN_FRAMEWORK_HEADER = YES;
				CLANG_WARN_RANGE_LOOP_ANALYSIS = YES;
				CLANG_WARN_STRICT_PROTOTYPES = YES;
				CLANG_WARN_SUSPICIOUS_MOVE = YES;
				CLANG_WARN_UNGUARDED_AVAILABILITY = YES_AGGRESSIVE;
				CLANG_WARN_UNREACHABLE_CODE = YES;
				CLANG_WARN__DUPLICATE_METHOD_MATCH = YES;
				COPY_PHASE_STRIP = NO;
				DEBUG_INFORMATION_FORMAT = dwarf;
				ENABLE_STRICT_OBJC_MSGSEND = YES;
				ENABLE_TESTABILITY = YES;
				ENABLE_USER_SCRIPT_SANDBOXING = YES;
				GCC_C_LANGUAGE_STANDARD = gnu17;
				GCC_DYNAMIC_NO_PIC = NO;
				GCC_NO_COMMON_BLOCKS = YES;
				GCC_OPTIMIZATION_LEVEL = 0;
				GCC_PREPROCESSOR_DEFINITIONS = (
					"DEBUG=1",
					"$(inherited)",
				);
				GCC_WARN_64_TO_32_BIT_CONVERSION = YES;
				GCC_WARN_ABOUT_RETURN_TYPE = YES_ERROR;
				GCC_WARN_UNDECLARED_SELECTOR = YES;
				GCC_WARN_UNINITIALIZED_AUTOS = YES_AGGRESSIVE;
				GCC_WARN_UNUSED_FUNCTION = YES;
				GCC_WARN_UNUSED_VARIABLE = YES;
				IPHONEOS_DEPLOYMENT_TARGET = 17.2;
				LOCALIZATION_PREFERS_STRING_CATALOGS = YES;
				MTL_ENABLE_DEBUG_INFO = INCLUDE_SOURCE;
				MTL_FAST_MATH = YES;
				ONLY_ACTIVE_ARCH = YES;
				SDKROOT = iphoneos;
				SWIFT_ACTIVE_COMPILATION_CONDITIONS = "DEBUG $(inherited)";
				SWIFT_OPTIMIZATION_LEVEL = "-Onone";
			};
			name = Debug;
		};
		FFD2C6EA2B5A701800714A14 /* Release */ = {
			isa = XCBuildConfiguration;
			buildSettings = {
				ALWAYS_SEARCH_USER_PATHS = NO;
				ASSETCATALOG_COMPILER_GENERATE_SWIFT_ASSET_SYMBOL_EXTENSIONS = YES;
				CLANG_ANALYZER_NONNULL = YES;
				CLANG_ANALYZER_NUMBER_OBJECT_CONVERSION = YES_AGGRESSIVE;
				CLANG_CXX_LANGUAGE_STANDARD = "gnu++20";
				CLANG_ENABLE_MODULES = YES;
				CLANG_ENABLE_OBJC_ARC = YES;
				CLANG_ENABLE_OBJC_WEAK = YES;
				CLANG_WARN_BLOCK_CAPTURE_AUTORELEASING = YES;
				CLANG_WARN_BOOL_CONVERSION = YES;
				CLANG_WARN_COMMA = YES;
				CLANG_WARN_CONSTANT_CONVERSION = YES;
				CLANG_WARN_DEPRECATED_OBJC_IMPLEMENTATIONS = YES;
				CLANG_WARN_DIRECT_OBJC_ISA_USAGE = YES_ERROR;
				CLANG_WARN_DOCUMENTATION_COMMENTS = YES;
				CLANG_WARN_EMPTY_BODY = YES;
				CLANG_WARN_ENUM_CONVERSION = YES;
				CLANG_WARN_INFINITE_RECURSION = YES;
				CLANG_WARN_INT_CONVERSION = YES;
				CLANG_WARN_NON_LITERAL_NULL_CONVERSION = YES;
				CLANG_WARN_OBJC_IMPLICIT_RETAIN_SELF = YES;
				CLANG_WARN_OBJC_LITERAL_CONVERSION = YES;
				CLANG_WARN_OBJC_ROOT_CLASS = YES_ERROR;
				CLANG_WARN_QUOTED_INCLUDE_IN_FRAMEWORK_HEADER = YES;
				CLANG_WARN_RANGE_LOOP_ANALYSIS = YES;
				CLANG_WARN_STRICT_PROTOTYPES = YES;
				CLANG_WARN_SUSPICIOUS_MOVE = YES;
				CLANG_WARN_UNGUARDED_AVAILABILITY = YES_AGGRESSIVE;
				CLANG_WARN_UNREACHABLE_CODE = YES;
				CLANG_WARN__DUPLICATE_METHOD_MATCH = YES;
				COPY_PHASE_STRIP = NO;
				DEBUG_INFORMATION_FORMAT = "dwarf-with-dsym";
				ENABLE_NS_ASSERTIONS = NO;
				ENABLE_STRICT_OBJC_MSGSEND = YES;
				ENABLE_USER_SCRIPT_SANDBOXING = YES;
				GCC_C_LANGUAGE_STANDARD = gnu17;
				GCC_NO_COMMON_BLOCKS = YES;
				GCC_WARN_64_TO_32_BIT_CONVERSION = YES;
				GCC_WARN_ABOUT_RETURN_TYPE = YES_ERROR;
				GCC_WARN_UNDECLARED_SELECTOR = YES;
				GCC_WARN_UNINITIALIZED_AUTOS = YES_AGGRESSIVE;
				GCC_WARN_UNUSED_FUNCTION = YES;
				GCC_WARN_UNUSED_VARIABLE = YES;
				IPHONEOS_DEPLOYMENT_TARGET = 17.2;
				LOCALIZATION_PREFERS_STRING_CATALOGS = YES;
				MTL_ENABLE_DEBUG_INFO = NO;
				MTL_FAST_MATH = YES;
				SDKROOT = iphoneos;
				SWIFT_COMPILATION_MODE = wholemodule;
				VALIDATE_PRODUCT = YES;
			};
			name = Release;
		};
		FFD2C6EC2B5A701800714A14 /* Debug */ = {
			isa = XCBuildConfiguration;
			buildSettings = {
				ASSETCATALOG_COMPILER_APPICON_NAME = AppIcon;
				ASSETCATALOG_COMPILER_GLOBAL_ACCENT_COLOR_NAME = AccentColor;
				CODE_SIGN_STYLE = Automatic;
				CURRENT_PROJECT_VERSION = 1;
				GENERATE_INFOPLIST_FILE = YES;
				INFOPLIST_FILE = ViewedFilms/Info.plist;
				INFOPLIST_KEY_UIApplicationSupportsIndirectInputEvents = YES;
				INFOPLIST_KEY_UILaunchStoryboardName = LaunchScreen;
				INFOPLIST_KEY_UISupportedInterfaceOrientations = UIInterfaceOrientationPortrait;
				INFOPLIST_KEY_UISupportedInterfaceOrientations_iPad = "UIInterfaceOrientationLandscapeLeft UIInterfaceOrientationLandscapeRight UIInterfaceOrientationPortrait UIInterfaceOrientationPortraitUpsideDown";
				LD_RUNPATH_SEARCH_PATHS = (
					"$(inherited)",
					"@executable_path/Frameworks",
				);
				MARKETING_VERSION = 1.0;
				PRODUCT_BUNDLE_IDENTIFIER = SnakCat.ViewedFilms;
				PRODUCT_NAME = "$(TARGET_NAME)";
				SUPPORTED_PLATFORMS = "iphoneos iphonesimulator";
				SUPPORTS_MACCATALYST = NO;
				SUPPORTS_MAC_DESIGNED_FOR_IPHONE_IPAD = NO;
				SUPPORTS_XR_DESIGNED_FOR_IPHONE_IPAD = NO;
				SWIFT_EMIT_LOC_STRINGS = YES;
				SWIFT_VERSION = 5.0;
				TARGETED_DEVICE_FAMILY = 1;
			};
			name = Debug;
		};
		FFD2C6ED2B5A701800714A14 /* Release */ = {
			isa = XCBuildConfiguration;
			buildSettings = {
				ASSETCATALOG_COMPILER_APPICON_NAME = AppIcon;
				ASSETCATALOG_COMPILER_GLOBAL_ACCENT_COLOR_NAME = AccentColor;
				CODE_SIGN_STYLE = Automatic;
				CURRENT_PROJECT_VERSION = 1;
				GENERATE_INFOPLIST_FILE = YES;
				INFOPLIST_FILE = ViewedFilms/Info.plist;
				INFOPLIST_KEY_UIApplicationSupportsIndirectInputEvents = YES;
				INFOPLIST_KEY_UILaunchStoryboardName = LaunchScreen;
				INFOPLIST_KEY_UISupportedInterfaceOrientations = UIInterfaceOrientationPortrait;
				INFOPLIST_KEY_UISupportedInterfaceOrientations_iPad = "UIInterfaceOrientationLandscapeLeft UIInterfaceOrientationLandscapeRight UIInterfaceOrientationPortrait UIInterfaceOrientationPortraitUpsideDown";
				LD_RUNPATH_SEARCH_PATHS = (
					"$(inherited)",
					"@executable_path/Frameworks",
				);
				MARKETING_VERSION = 1.0;
				PRODUCT_BUNDLE_IDENTIFIER = SnakCat.ViewedFilms;
				PRODUCT_NAME = "$(TARGET_NAME)";
				SUPPORTED_PLATFORMS = "iphoneos iphonesimulator";
				SUPPORTS_MACCATALYST = NO;
				SUPPORTS_MAC_DESIGNED_FOR_IPHONE_IPAD = NO;
				SUPPORTS_XR_DESIGNED_FOR_IPHONE_IPAD = NO;
				SWIFT_EMIT_LOC_STRINGS = YES;
				SWIFT_VERSION = 5.0;
				TARGETED_DEVICE_FAMILY = 1;
			};
			name = Release;
		};
/* End XCBuildConfiguration section */

/* Begin XCConfigurationList section */
		FFD2C6CF2B5A701600714A14 /* Build configuration list for PBXProject "ViewedFilms" */ = {
			isa = XCConfigurationList;
			buildConfigurations = (
				FFD2C6E92B5A701800714A14 /* Debug */,
				FFD2C6EA2B5A701800714A14 /* Release */,
			);
			defaultConfigurationIsVisible = 0;
			defaultConfigurationName = Release;
		};
		FFD2C6EB2B5A701800714A14 /* Build configuration list for PBXNativeTarget "ViewedFilms" */ = {
			isa = XCConfigurationList;
			buildConfigurations = (
				FFD2C6EC2B5A701800714A14 /* Debug */,
				FFD2C6ED2B5A701800714A14 /* Release */,
			);
			defaultConfigurationIsVisible = 0;
			defaultConfigurationName = Release;
		};
/* End XCConfigurationList section */

/* Begin XCVersionGroup section */
		FFD2C6E02B5A701600714A14 /* ViewedFilms.xcdatamodeld */ = {
			isa = XCVersionGroup;
			children = (
				FFD2C6E12B5A701600714A14 /* ViewedFilms.xcdatamodel */,
			);
			currentVersion = FFD2C6E12B5A701600714A14 /* ViewedFilms.xcdatamodel */;
			path = ViewedFilms.xcdatamodeld;
			sourceTree = "<group>";
			versionGroupType = wrapper.xcdatamodel;
		};
/* End XCVersionGroup section */
	};
	rootObject = FFD2C6CC2B5A701600714A14 /* Project object */;
}
